
Microsoft Visual Studio Solution File, Format Version 12.00
# Visual Studio Version 17
VisualStudioVersion = 17.5.002.0
MinimumVisualStudioVersion = 10.0.40219.1
Project("{2150E333-8FDC-42A3-9474-1A3956D46DE8}") = "sandbox", "sandbox", "{6929179D-3260-423B-B417-0C76A98B385F}"
EndProject
Project("{9A19103F-16F7-4668-BE54-9A1E7A4F7556}") = "sandbox_project", "sandbox\sandbox_project\sandbox_project.csproj", "{8CBE71EA-7B8C-49C8-B0D6-B741292523D6}"
EndProject
Project("{2150E333-8FDC-42A3-9474-1A3956D46DE8}") = "week01", "week01", "{C137C168-AC10-4C8C-9E4D-0556C66F808B}"
EndProject
Project("{9A19103F-16F7-4668-BE54-9A1E7A4F7556}") = "analyze", "week01\analyze\analyze.csproj", "{A7BBF9AD-49A8-47B0-827E-3E07C29A5457}"
EndProject
Project("{9A19103F-16F7-4668-BE54-9A1E7A4F7556}") = "code", "week01\code\code.csproj", "{419930F7-29BE-4F22-920C-272985689687}"
EndProject
Project("{9A19103F-16F7-4668-BE54-9A1E7A4F7556}") = "teach", "week01\teach\teach.csproj", "{07C8A8B5-99EC-496E-A108-C458FE275480}"
EndProject
Project("{2150E333-8FDC-42A3-9474-1A3956D46DE8}") = "week02", "week02", "{09224F1B-D5E5-4E98-B0D6-B1156D0312E6}"
EndProject
Project("{9A19103F-16F7-4668-BE54-9A1E7A4F7556}") = "analyze", "week02\analyze\analyze.csproj", "{5D49FED4-284E-499E-9DAC-18C5A9EF1698}"
EndProject
Project("{9A19103F-16F7-4668-BE54-9A1E7A4F7556}") = "code", "week02\code\code.csproj", "{7FDB84B3-B321-4A4D-B7F4-BC993F4CAB06}"
EndProject
Project("{9A19103F-16F7-4668-BE54-9A1E7A4F7556}") = "learn", "week02\learn\learn.csproj", "{9C0D8A4A-FA53-475E-ABB0-4AC35F159576}"
EndProject
Project("{9A19103F-16F7-4668-BE54-9A1E7A4F7556}") = "teach", "week02\teach\teach.csproj", "{555100CA-C753-4EB4-97E5-EDCEB0B46B2D}"
EndProject
Project("{2150E333-8FDC-42A3-9474-1A3956D46DE8}") = "week03", "week03", "{CCD85166-1514-44D8-AB30-7357FD1A3E6B}"
EndProject
Project("{9A19103F-16F7-4668-BE54-9A1E7A4F7556}") = "code", "week03\code\code.csproj", "{F51260E7-A0FC-4026-A2A3-E55F2E8CF6BA}"
EndProject
Project("{9A19103F-16F7-4668-BE54-9A1E7A4F7556}") = "learn", "week03\learn\learn.csproj", "{82771574-13E8-4876-9198-FD8850980F1B}"
EndProject
Project("{9A19103F-16F7-4668-BE54-9A1E7A4F7556}") = "teach", "week03\teach\teach.csproj", "{1741B28B-5D55-4A4E-9879-CCE4B4E68F47}"
EndProject
Project("{2150E333-8FDC-42A3-9474-1A3956D46DE8}") = "week04", "week04", "{BC5C390F-6CC7-4D4F-824B-A021E1DA1B5B}"
EndProject
Project("{9A19103F-16F7-4668-BE54-9A1E7A4F7556}") = "code", "week04\code\code.csproj", "{09D2EA80-84ED-4D45-B96B-8F525035DE8F}"
EndProject
Project("{2150E333-8FDC-42A3-9474-1A3956D46DE8}") = "week05", "week05", "{A18E8B7E-F793-4898-BD6F-8A60810D6EFC}"
EndProject
Project("{9A19103F-16F7-4668-BE54-9A1E7A4F7556}") = "code", "week05\code\code.csproj", "{0F9D9BE1-1D45-45B3-8D80-B2B292D753AE}"
EndProject
Project("{2150E333-8FDC-42A3-9474-1A3956D46DE8}") = "week06", "week06", "{40E0FA55-0218-42E0-8507-52A8F8F1C9B1}"
EndProject
Project("{9A19103F-16F7-4668-BE54-9A1E7A4F7556}") = "code", "week06\code\code.csproj", "{9ED4C143-A03E-4A02-835D-B75E6728B6D5}"
EndProject
Global
	GlobalSection(SolutionConfigurationPlatforms) = preSolution
		Debug|Any CPU = Debug|Any CPU
		Release|Any CPU = Release|Any CPU
	EndGlobalSection
	GlobalSection(ProjectConfigurationPlatforms) = postSolution
		{8CBE71EA-7B8C-49C8-B0D6-B741292523D6}.Debug|Any CPU.ActiveCfg = Debug|Any CPU
		{8CBE71EA-7B8C-49C8-B0D6-B741292523D6}.Debug|Any CPU.Build.0 = Debug|Any CPU
		{8CBE71EA-7B8C-49C8-B0D6-B741292523D6}.Release|Any CPU.ActiveCfg = Release|Any CPU
		{8CBE71EA-7B8C-49C8-B0D6-B741292523D6}.Release|Any CPU.Build.0 = Release|Any CPU
		{A7BBF9AD-49A8-47B0-827E-3E07C29A5457}.Debug|Any CPU.ActiveCfg = Debug|Any CPU
		{A7BBF9AD-49A8-47B0-827E-3E07C29A5457}.Debug|Any CPU.Build.0 = Debug|Any CPU
		{A7BBF9AD-49A8-47B0-827E-3E07C29A5457}.Release|Any CPU.ActiveCfg = Release|Any CPU
		{A7BBF9AD-49A8-47B0-827E-3E07C29A5457}.Release|Any CPU.Build.0 = Release|Any CPU
		{419930F7-29BE-4F22-920C-272985689687}.Debug|Any CPU.ActiveCfg = Debug|Any CPU
		{419930F7-29BE-4F22-920C-272985689687}.Debug|Any CPU.Build.0 = Debug|Any CPU
		{419930F7-29BE-4F22-920C-272985689687}.Release|Any CPU.ActiveCfg = Release|Any CPU
		{419930F7-29BE-4F22-920C-272985689687}.Release|Any CPU.Build.0 = Release|Any CPU
		{07C8A8B5-99EC-496E-A108-C458FE275480}.Debug|Any CPU.ActiveCfg = Debug|Any CPU
		{07C8A8B5-99EC-496E-A108-C458FE275480}.Debug|Any CPU.Build.0 = Debug|Any CPU
		{07C8A8B5-99EC-496E-A108-C458FE275480}.Release|Any CPU.ActiveCfg = Release|Any CPU
		{07C8A8B5-99EC-496E-A108-C458FE275480}.Release|Any CPU.Build.0 = Release|Any CPU
		{5D49FED4-284E-499E-9DAC-18C5A9EF1698}.Debug|Any CPU.ActiveCfg = Debug|Any CPU
		{5D49FED4-284E-499E-9DAC-18C5A9EF1698}.Debug|Any CPU.Build.0 = Debug|Any CPU
		{5D49FED4-284E-499E-9DAC-18C5A9EF1698}.Release|Any CPU.ActiveCfg = Release|Any CPU
		{5D49FED4-284E-499E-9DAC-18C5A9EF1698}.Release|Any CPU.Build.0 = Release|Any CPU
		{7FDB84B3-B321-4A4D-B7F4-BC993F4CAB06}.Debug|Any CPU.ActiveCfg = Debug|Any CPU
		{7FDB84B3-B321-4A4D-B7F4-BC993F4CAB06}.Debug|Any CPU.Build.0 = Debug|Any CPU
		{7FDB84B3-B321-4A4D-B7F4-BC993F4CAB06}.Release|Any CPU.ActiveCfg = Release|Any CPU
		{7FDB84B3-B321-4A4D-B7F4-BC993F4CAB06}.Release|Any CPU.Build.0 = Release|Any CPU
		{9C0D8A4A-FA53-475E-ABB0-4AC35F159576}.Debug|Any CPU.ActiveCfg = Debug|Any CPU
		{9C0D8A4A-FA53-475E-ABB0-4AC35F159576}.Debug|Any CPU.Build.0 = Debug|Any CPU
		{9C0D8A4A-FA53-475E-ABB0-4AC35F159576}.Release|Any CPU.ActiveCfg = Release|Any CPU
		{9C0D8A4A-FA53-475E-ABB0-4AC35F159576}.Release|Any CPU.Build.0 = Release|Any CPU
		{555100CA-C753-4EB4-97E5-EDCEB0B46B2D}.Debug|Any CPU.ActiveCfg = Debug|Any CPU
		{555100CA-C753-4EB4-97E5-EDCEB0B46B2D}.Debug|Any CPU.Build.0 = Debug|Any CPU
		{555100CA-C753-4EB4-97E5-EDCEB0B46B2D}.Release|Any CPU.ActiveCfg = Release|Any CPU
		{555100CA-C753-4EB4-97E5-EDCEB0B46B2D}.Release|Any CPU.Build.0 = Release|Any CPU
		{F51260E7-A0FC-4026-A2A3-E55F2E8CF6BA}.Debug|Any CPU.ActiveCfg = Debug|Any CPU
		{F51260E7-A0FC-4026-A2A3-E55F2E8CF6BA}.Debug|Any CPU.Build.0 = Debug|Any CPU
		{F51260E7-A0FC-4026-A2A3-E55F2E8CF6BA}.Release|Any CPU.ActiveCfg = Release|Any CPU
		{F51260E7-A0FC-4026-A2A3-E55F2E8CF6BA}.Release|Any CPU.Build.0 = Release|Any CPU
		{82771574-13E8-4876-9198-FD8850980F1B}.Debug|Any CPU.ActiveCfg = Debug|Any CPU
		{82771574-13E8-4876-9198-FD8850980F1B}.Debug|Any CPU.Build.0 = Debug|Any CPU
		{82771574-13E8-4876-9198-FD8850980F1B}.Release|Any CPU.ActiveCfg = Release|Any CPU
		{82771574-13E8-4876-9198-FD8850980F1B}.Release|Any CPU.Build.0 = Release|Any CPU
		{1741B28B-5D55-4A4E-9879-CCE4B4E68F47}.Debug|Any CPU.ActiveCfg = Debug|Any CPU
		{1741B28B-5D55-4A4E-9879-CCE4B4E68F47}.Debug|Any CPU.Build.0 = Debug|Any CPU
		{1741B28B-5D55-4A4E-9879-CCE4B4E68F47}.Release|Any CPU.ActiveCfg = Release|Any CPU
		{1741B28B-5D55-4A4E-9879-CCE4B4E68F47}.Release|Any CPU.Build.0 = Release|Any CPU
		{09D2EA80-84ED-4D45-B96B-8F525035DE8F}.Debug|Any CPU.ActiveCfg = Debug|Any CPU
		{09D2EA80-84ED-4D45-B96B-8F525035DE8F}.Debug|Any CPU.Build.0 = Debug|Any CPU
		{09D2EA80-84ED-4D45-B96B-8F525035DE8F}.Release|Any CPU.ActiveCfg = Release|Any CPU
		{09D2EA80-84ED-4D45-B96B-8F525035DE8F}.Release|Any CPU.Build.0 = Release|Any CPU
		{0F9D9BE1-1D45-45B3-8D80-B2B292D753AE}.Debug|Any CPU.ActiveCfg = Debug|Any CPU
		{0F9D9BE1-1D45-45B3-8D80-B2B292D753AE}.Debug|Any CPU.Build.0 = Debug|Any CPU
		{0F9D9BE1-1D45-45B3-8D80-B2B292D753AE}.Release|Any CPU.ActiveCfg = Release|Any CPU
		{0F9D9BE1-1D45-45B3-8D80-B2B292D753AE}.Release|Any CPU.Build.0 = Release|Any CPU
		{9ED4C143-A03E-4A02-835D-B75E6728B6D5}.Debug|Any CPU.ActiveCfg = Debug|Any CPU
		{9ED4C143-A03E-4A02-835D-B75E6728B6D5}.Debug|Any CPU.Build.0 = Debug|Any CPU
		{9ED4C143-A03E-4A02-835D-B75E6728B6D5}.Release|Any CPU.ActiveCfg = Release|Any CPU
		{9ED4C143-A03E-4A02-835D-B75E6728B6D5}.Release|Any CPU.Build.0 = Release|Any CPU
	EndGlobalSection
	GlobalSection(SolutionProperties) = preSolution
		HideSolutionNode = FALSE
	EndGlobalSection
	GlobalSection(NestedProjects) = preSolution
		{8CBE71EA-7B8C-49C8-B0D6-B741292523D6} = {6929179D-3260-423B-B417-0C76A98B385F}
		{A7BBF9AD-49A8-47B0-827E-3E07C29A5457} = {C137C168-AC10-4C8C-9E4D-0556C66F808B}
		{419930F7-29BE-4F22-920C-272985689687} = {C137C168-AC10-4C8C-9E4D-0556C66F808B}
		{07C8A8B5-99EC-496E-A108-C458FE275480} = {C137C168-AC10-4C8C-9E4D-0556C66F808B}
		{5D49FED4-284E-499E-9DAC-18C5A9EF1698} = {09224F1B-D5E5-4E98-B0D6-B1156D0312E6}
		{7FDB84B3-B321-4A4D-B7F4-BC993F4CAB06} = {09224F1B-D5E5-4E98-B0D6-B1156D0312E6}
		{9C0D8A4A-FA53-475E-ABB0-4AC35F159576} = {09224F1B-D5E5-4E98-B0D6-B1156D0312E6}
		{555100CA-C753-4EB4-97E5-EDCEB0B46B2D} = {09224F1B-D5E5-4E98-B0D6-B1156D0312E6}
		{F51260E7-A0FC-4026-A2A3-E55F2E8CF6BA} = {CCD85166-1514-44D8-AB30-7357FD1A3E6B}
		{82771574-13E8-4876-9198-FD8850980F1B} = {CCD85166-1514-44D8-AB30-7357FD1A3E6B}
		{1741B28B-5D55-4A4E-9879-CCE4B4E68F47} = {CCD85166-1514-44D8-AB30-7357FD1A3E6B}
		{09D2EA80-84ED-4D45-B96B-8F525035DE8F} = {BC5C390F-6CC7-4D4F-824B-A021E1DA1B5B}
		{0F9D9BE1-1D45-45B3-8D80-B2B292D753AE} = {A18E8B7E-F793-4898-BD6F-8A60810D6EFC}
		{9ED4C143-A03E-4A02-835D-B75E6728B6D5} = {40E0FA55-0218-42E0-8507-52A8F8F1C9B1}
	EndGlobalSection
	GlobalSection(ExtensibilityGlobals) = postSolution
		SolutionGuid = {7F7777CE-702D-41C0-8A6A-565E45D71915}
	EndGlobalSection
EndGlobal
